// !$*UTF8*$!
{
	archiveVersion = 1;
	classes = {
	};
	objectVersion = 46;
	objects = {

/* Begin PBXBuildFile section */
		2E3924CE6F8E5329D9A2B301 /* Pods_Widdit.framework in Frameworks */ = {isa = PBXBuildFile; fileRef = 6B0032CE04787FA854080E9E /* Pods_Widdit.framework */; };
		3111475C1CAB210F00150ECD /* FBSDKCoreKit.framework in Frameworks */ = {isa = PBXBuildFile; fileRef = 3111475A1CAB210F00150ECD /* FBSDKCoreKit.framework */; };
		3111475D1CAB210F00150ECD /* FBSDKLoginKit.framework in Frameworks */ = {isa = PBXBuildFile; fileRef = 3111475B1CAB210F00150ECD /* FBSDKLoginKit.framework */; };
		311147641CAB335A00150ECD /* FBSignUpVC.swift in Sources */ = {isa = PBXBuildFile; fileRef = 311147631CAB335A00150ECD /* FBSignUpVC.swift */; };
		311147671CAB42AE00150ECD /* Main.storyboard in Resources */ = {isa = PBXBuildFile; fileRef = 311147651CAB42AE00150ECD /* Main.storyboard */; };
		31AFC6111CB20ABA00DBEBFA /* YourDownsVC.swift in Sources */ = {isa = PBXBuildFile; fileRef = 31AFC6101CB20ABA00DBEBFA /* YourDownsVC.swift */; };
		31F12E8B1C9E115B00E63A2E /* AppDelegate.swift in Sources */ = {isa = PBXBuildFile; fileRef = 31F12E8A1C9E115B00E63A2E /* AppDelegate.swift */; };
		31F12E931C9E115B00E63A2E /* Widdit.xcdatamodeld in Sources */ = {isa = PBXBuildFile; fileRef = 31F12E911C9E115B00E63A2E /* Widdit.xcdatamodeld */; };
		31F12E951C9E115B00E63A2E /* Assets.xcassets in Resources */ = {isa = PBXBuildFile; fileRef = 31F12E941C9E115B00E63A2E /* Assets.xcassets */; };
		31F12E981C9E115B00E63A2E /* LaunchScreen.storyboard in Resources */ = {isa = PBXBuildFile; fileRef = 31F12E961C9E115B00E63A2E /* LaunchScreen.storyboard */; };
		31F12EA01C9E122B00E63A2E /* SignInVC.swift in Sources */ = {isa = PBXBuildFile; fileRef = 31F12E9F1C9E122B00E63A2E /* SignInVC.swift */; };
		31F12EA21C9E124500E63A2E /* SignUpVC.swift in Sources */ = {isa = PBXBuildFile; fileRef = 31F12EA11C9E124500E63A2E /* SignUpVC.swift */; };
		31F12EA41C9E125900E63A2E /* ResetPasswordVC.swift in Sources */ = {isa = PBXBuildFile; fileRef = 31F12EA31C9E125900E63A2E /* ResetPasswordVC.swift */; };
		31F12EA71C9E12D400E63A2E /* Bolts.framework in Frameworks */ = {isa = PBXBuildFile; fileRef = 31F12EA51C9E12D400E63A2E /* Bolts.framework */; };
		31F12EA81C9E12D400E63A2E /* Parse.framework in Frameworks */ = {isa = PBXBuildFile; fileRef = 31F12EA61C9E12D400E63A2E /* Parse.framework */; };
		31F12EAF1C9E135800E63A2E /* SystemConfiguration.framework in Frameworks */ = {isa = PBXBuildFile; fileRef = 31F12EAE1C9E135800E63A2E /* SystemConfiguration.framework */; };
		31F12EB31C9E137F00E63A2E /* Security.framework in Frameworks */ = {isa = PBXBuildFile; fileRef = 31F12EB21C9E137F00E63A2E /* Security.framework */; };
		31F12EB51C9E138800E63A2E /* QuartzCore.framework in Frameworks */ = {isa = PBXBuildFile; fileRef = 31F12EB41C9E138800E63A2E /* QuartzCore.framework */; };
		31F12EB71C9E139200E63A2E /* CoreLocation.framework in Frameworks */ = {isa = PBXBuildFile; fileRef = 31F12EB61C9E139200E63A2E /* CoreLocation.framework */; };
		31F12EB91C9E139A00E63A2E /* CoreGraphics.framework in Frameworks */ = {isa = PBXBuildFile; fileRef = 31F12EB81C9E139A00E63A2E /* CoreGraphics.framework */; };
		31F12EBB1C9E13A200E63A2E /* CFNetwork.framework in Frameworks */ = {isa = PBXBuildFile; fileRef = 31F12EBA1C9E13A200E63A2E /* CFNetwork.framework */; };
		31F12EBD1C9E13AB00E63A2E /* AudioToolbox.framework in Frameworks */ = {isa = PBXBuildFile; fileRef = 31F12EBC1C9E13AB00E63A2E /* AudioToolbox.framework */; };
		31F12EBF1C9E13B800E63A2E /* libsqlite3.tbd in Frameworks */ = {isa = PBXBuildFile; fileRef = 31F12EBE1C9E13B800E63A2E /* libsqlite3.tbd */; };
		31F12EC11C9E13C300E63A2E /* libz.tbd in Frameworks */ = {isa = PBXBuildFile; fileRef = 31F12EC01C9E13C300E63A2E /* libz.tbd */; };
		31F12EC41C9E17D700E63A2E /* HomeVC.swift in Sources */ = {isa = PBXBuildFile; fileRef = 31F12EC31C9E17D700E63A2E /* HomeVC.swift */; };
		31F12EC81C9E181F00E63A2E /* ActivityVC.swift in Sources */ = {isa = PBXBuildFile; fileRef = 31F12EC71C9E181F00E63A2E /* ActivityVC.swift */; };
		31F12ECA1C9E184100E63A2E /* FeedVC.swift in Sources */ = {isa = PBXBuildFile; fileRef = 31F12EC91C9E184100E63A2E /* FeedVC.swift */; };
		31F12ECC1C9E185600E63A2E /* GuestVC.swift in Sources */ = {isa = PBXBuildFile; fileRef = 31F12ECB1C9E185600E63A2E /* GuestVC.swift */; };
		31F12ECE1C9E188600E63A2E /* HeaderView.swift in Sources */ = {isa = PBXBuildFile; fileRef = 31F12ECD1C9E188600E63A2E /* HeaderView.swift */; };
		31F12ED01C9E191000E63A2E /* NewPostVC.swift in Sources */ = {isa = PBXBuildFile; fileRef = 31F12ECF1C9E191000E63A2E /* NewPostVC.swift */; };
		31F12ED21C9E24D800E63A2E /* Pacifico.ttf in Resources */ = {isa = PBXBuildFile; fileRef = 31F12ED11C9E24D800E63A2E /* Pacifico.ttf */; };
		31F12ED61C9E3A6900E63A2E /* EditVC.swift in Sources */ = {isa = PBXBuildFile; fileRef = 31F12ED51C9E3A6900E63A2E /* EditVC.swift */; };
		31F12ED81C9E65E300E63A2E /* PostCell.swift in Sources */ = {isa = PBXBuildFile; fileRef = 31F12ED71C9E65E300E63A2E /* PostCell.swift */; };
		31F12EDA1C9E6A5700E63A2E /* ActivityCell.swift in Sources */ = {isa = PBXBuildFile; fileRef = 31F12ED91C9E6A5700E63A2E /* ActivityCell.swift */; };
		31FF6CF41CAF84D4001D1654 /* FBInfo.swift in Sources */ = {isa = PBXBuildFile; fileRef = 31FF6CF31CAF84D4001D1654 /* FBInfo.swift */; };
		7994B5471CE16D7B008EB1D8 /* notification.mp3 in Resources */ = {isa = PBXBuildFile; fileRef = 7994B5461CE16D7B008EB1D8 /* notification.mp3 */; };
		79AE83401CD6916900DE2CD7 /* UserMorePostsViewController.swift in Sources */ = {isa = PBXBuildFile; fileRef = 79AE833F1CD6916900DE2CD7 /* UserMorePostsViewController.swift */; };
		79B4230C1CEE675D00888461 /* TextVerifyViewController.swift in Sources */ = {isa = PBXBuildFile; fileRef = 79B4230B1CEE675D00888461 /* TextVerifyViewController.swift */; };
		79B4230E1CEE824100888461 /* EnterVerifyPinViewController.swift in Sources */ = {isa = PBXBuildFile; fileRef = 79B4230D1CEE824100888461 /* EnterVerifyPinViewController.swift */; };
		79B4D4821CC80ABE0073B65D /* ReplyViewController.swift in Sources */ = {isa = PBXBuildFile; fileRef = 79B4D4811CC80ABE0073B65D /* ReplyViewController.swift */; };
		79B4D4841CC80D150073B65D /* MessageTableViewCell.swift in Sources */ = {isa = PBXBuildFile; fileRef = 79B4D4831CC80D150073B65D /* MessageTableViewCell.swift */; };
		79B4D4861CC8102B0073B65D /* MessageModel.swift in Sources */ = {isa = PBXBuildFile; fileRef = 79B4D4851CC8102B0073B65D /* MessageModel.swift */; };
		A6E153081CFD96B000787394 /* WDTColor.swift in Sources */ = {isa = PBXBuildFile; fileRef = A6E153071CFD96B000787394 /* WDTColor.swift */; };
		A6E1530C1CFE09B600787394 /* WDTFont.swift in Sources */ = {isa = PBXBuildFile; fileRef = A6E1530B1CFE09B600787394 /* WDTFont.swift */; };
/* End PBXBuildFile section */

/* Begin PBXFileReference section */
		3111475A1CAB210F00150ECD /* FBSDKCoreKit.framework */ = {isa = PBXFileReference; lastKnownFileType = wrapper.framework; path = FBSDKCoreKit.framework; sourceTree = "<group>"; };
		3111475B1CAB210F00150ECD /* FBSDKLoginKit.framework */ = {isa = PBXFileReference; lastKnownFileType = wrapper.framework; path = FBSDKLoginKit.framework; sourceTree = "<group>"; };
		3111475E1CAB246300150ECD /* Widdit-Bridging-Header.h */ = {isa = PBXFileReference; lastKnownFileType = sourcecode.c.h; path = "Widdit-Bridging-Header.h"; sourceTree = "<group>"; };
		311147631CAB335A00150ECD /* FBSignUpVC.swift */ = {isa = PBXFileReference; fileEncoding = 4; lastKnownFileType = sourcecode.swift; path = FBSignUpVC.swift; sourceTree = "<group>"; };
		311147661CAB42AE00150ECD /* Base */ = {isa = PBXFileReference; lastKnownFileType = file.storyboard; name = Base; path = Base.lproj/Main.storyboard; sourceTree = "<group>"; };
		31AFC6101CB20ABA00DBEBFA /* YourDownsVC.swift */ = {isa = PBXFileReference; fileEncoding = 4; lastKnownFileType = sourcecode.swift; path = YourDownsVC.swift; sourceTree = "<group>"; };
		31F12E871C9E115B00E63A2E /* Widdit.app */ = {isa = PBXFileReference; explicitFileType = wrapper.application; includeInIndex = 0; path = Widdit.app; sourceTree = BUILT_PRODUCTS_DIR; };
		31F12E8A1C9E115B00E63A2E /* AppDelegate.swift */ = {isa = PBXFileReference; lastKnownFileType = sourcecode.swift; path = AppDelegate.swift; sourceTree = "<group>"; };
		31F12E921C9E115B00E63A2E /* Widdit.xcdatamodel */ = {isa = PBXFileReference; lastKnownFileType = wrapper.xcdatamodel; path = Widdit.xcdatamodel; sourceTree = "<group>"; };
		31F12E941C9E115B00E63A2E /* Assets.xcassets */ = {isa = PBXFileReference; lastKnownFileType = folder.assetcatalog; path = Assets.xcassets; sourceTree = "<group>"; };
		31F12E971C9E115B00E63A2E /* Base */ = {isa = PBXFileReference; lastKnownFileType = file.storyboard; name = Base; path = Base.lproj/LaunchScreen.storyboard; sourceTree = "<group>"; };
		31F12E991C9E115B00E63A2E /* Info.plist */ = {isa = PBXFileReference; lastKnownFileType = text.plist.xml; path = Info.plist; sourceTree = "<group>"; };
		31F12E9F1C9E122B00E63A2E /* SignInVC.swift */ = {isa = PBXFileReference; fileEncoding = 4; lastKnownFileType = sourcecode.swift; path = SignInVC.swift; sourceTree = "<group>"; };
		31F12EA11C9E124500E63A2E /* SignUpVC.swift */ = {isa = PBXFileReference; fileEncoding = 4; lastKnownFileType = sourcecode.swift; path = SignUpVC.swift; sourceTree = "<group>"; };
		31F12EA31C9E125900E63A2E /* ResetPasswordVC.swift */ = {isa = PBXFileReference; fileEncoding = 4; lastKnownFileType = sourcecode.swift; path = ResetPasswordVC.swift; sourceTree = "<group>"; };
		31F12EA51C9E12D400E63A2E /* Bolts.framework */ = {isa = PBXFileReference; lastKnownFileType = wrapper.framework; name = Bolts.framework; path = Widdit/Bolts.framework; sourceTree = "<group>"; };
		31F12EA61C9E12D400E63A2E /* Parse.framework */ = {isa = PBXFileReference; lastKnownFileType = wrapper.framework; name = Parse.framework; path = Widdit/Parse.framework; sourceTree = "<group>"; };
		31F12EAE1C9E135800E63A2E /* SystemConfiguration.framework */ = {isa = PBXFileReference; lastKnownFileType = wrapper.framework; name = SystemConfiguration.framework; path = System/Library/Frameworks/SystemConfiguration.framework; sourceTree = SDKROOT; };
		31F12EB21C9E137F00E63A2E /* Security.framework */ = {isa = PBXFileReference; lastKnownFileType = wrapper.framework; name = Security.framework; path = System/Library/Frameworks/Security.framework; sourceTree = SDKROOT; };
		31F12EB41C9E138800E63A2E /* QuartzCore.framework */ = {isa = PBXFileReference; lastKnownFileType = wrapper.framework; name = QuartzCore.framework; path = System/Library/Frameworks/QuartzCore.framework; sourceTree = SDKROOT; };
		31F12EB61C9E139200E63A2E /* CoreLocation.framework */ = {isa = PBXFileReference; lastKnownFileType = wrapper.framework; name = CoreLocation.framework; path = System/Library/Frameworks/CoreLocation.framework; sourceTree = SDKROOT; };
		31F12EB81C9E139A00E63A2E /* CoreGraphics.framework */ = {isa = PBXFileReference; lastKnownFileType = wrapper.framework; name = CoreGraphics.framework; path = System/Library/Frameworks/CoreGraphics.framework; sourceTree = SDKROOT; };
		31F12EBA1C9E13A200E63A2E /* CFNetwork.framework */ = {isa = PBXFileReference; lastKnownFileType = wrapper.framework; name = CFNetwork.framework; path = System/Library/Frameworks/CFNetwork.framework; sourceTree = SDKROOT; };
		31F12EBC1C9E13AB00E63A2E /* AudioToolbox.framework */ = {isa = PBXFileReference; lastKnownFileType = wrapper.framework; name = AudioToolbox.framework; path = System/Library/Frameworks/AudioToolbox.framework; sourceTree = SDKROOT; };
		31F12EBE1C9E13B800E63A2E /* libsqlite3.tbd */ = {isa = PBXFileReference; lastKnownFileType = "sourcecode.text-based-dylib-definition"; name = libsqlite3.tbd; path = usr/lib/libsqlite3.tbd; sourceTree = SDKROOT; };
		31F12EC01C9E13C300E63A2E /* libz.tbd */ = {isa = PBXFileReference; lastKnownFileType = "sourcecode.text-based-dylib-definition"; name = libz.tbd; path = usr/lib/libz.tbd; sourceTree = SDKROOT; };
		31F12EC31C9E17D700E63A2E /* HomeVC.swift */ = {isa = PBXFileReference; fileEncoding = 4; lastKnownFileType = sourcecode.swift; path = HomeVC.swift; sourceTree = "<group>"; };
		31F12EC71C9E181F00E63A2E /* ActivityVC.swift */ = {isa = PBXFileReference; fileEncoding = 4; lastKnownFileType = sourcecode.swift; path = ActivityVC.swift; sourceTree = "<group>"; };
		31F12EC91C9E184100E63A2E /* FeedVC.swift */ = {isa = PBXFileReference; fileEncoding = 4; lastKnownFileType = sourcecode.swift; path = FeedVC.swift; sourceTree = "<group>"; };
		31F12ECB1C9E185600E63A2E /* GuestVC.swift */ = {isa = PBXFileReference; fileEncoding = 4; lastKnownFileType = sourcecode.swift; path = GuestVC.swift; sourceTree = "<group>"; };
		31F12ECD1C9E188600E63A2E /* HeaderView.swift */ = {isa = PBXFileReference; fileEncoding = 4; lastKnownFileType = sourcecode.swift; path = HeaderView.swift; sourceTree = "<group>"; };
		31F12ECF1C9E191000E63A2E /* NewPostVC.swift */ = {isa = PBXFileReference; fileEncoding = 4; lastKnownFileType = sourcecode.swift; path = NewPostVC.swift; sourceTree = "<group>"; };
		31F12ED11C9E24D800E63A2E /* Pacifico.ttf */ = {isa = PBXFileReference; lastKnownFileType = file; path = Pacifico.ttf; sourceTree = "<group>"; };
		31F12ED51C9E3A6900E63A2E /* EditVC.swift */ = {isa = PBXFileReference; fileEncoding = 4; lastKnownFileType = sourcecode.swift; path = EditVC.swift; sourceTree = "<group>"; };
		31F12ED71C9E65E300E63A2E /* PostCell.swift */ = {isa = PBXFileReference; fileEncoding = 4; lastKnownFileType = sourcecode.swift; path = PostCell.swift; sourceTree = "<group>"; };
		31F12ED91C9E6A5700E63A2E /* ActivityCell.swift */ = {isa = PBXFileReference; fileEncoding = 4; lastKnownFileType = sourcecode.swift; path = ActivityCell.swift; sourceTree = "<group>"; };
		31FF6CF31CAF84D4001D1654 /* FBInfo.swift */ = {isa = PBXFileReference; fileEncoding = 4; lastKnownFileType = sourcecode.swift; path = FBInfo.swift; sourceTree = "<group>"; };
		68D742D5C0E3C53D9E07BC7F /* Pods-Widdit.debug.xcconfig */ = {isa = PBXFileReference; includeInIndex = 1; lastKnownFileType = text.xcconfig; name = "Pods-Widdit.debug.xcconfig"; path = "Pods/Target Support Files/Pods-Widdit/Pods-Widdit.debug.xcconfig"; sourceTree = "<group>"; };
		6B0032CE04787FA854080E9E /* Pods_Widdit.framework */ = {isa = PBXFileReference; explicitFileType = wrapper.framework; includeInIndex = 0; path = Pods_Widdit.framework; sourceTree = BUILT_PRODUCTS_DIR; };
		6D40BFB75DA61F740B7C5F63 /* Pods-Widdit.release.xcconfig */ = {isa = PBXFileReference; includeInIndex = 1; lastKnownFileType = text.xcconfig; name = "Pods-Widdit.release.xcconfig"; path = "Pods/Target Support Files/Pods-Widdit/Pods-Widdit.release.xcconfig"; sourceTree = "<group>"; };
		7994B5461CE16D7B008EB1D8 /* notification.mp3 */ = {isa = PBXFileReference; lastKnownFileType = audio.mp3; path = notification.mp3; sourceTree = "<group>"; };
		79AE833F1CD6916900DE2CD7 /* UserMorePostsViewController.swift */ = {isa = PBXFileReference; fileEncoding = 4; lastKnownFileType = sourcecode.swift; path = UserMorePostsViewController.swift; sourceTree = "<group>"; };
		79B4230B1CEE675D00888461 /* TextVerifyViewController.swift */ = {isa = PBXFileReference; fileEncoding = 4; lastKnownFileType = sourcecode.swift; path = TextVerifyViewController.swift; sourceTree = "<group>"; };
		79B4230D1CEE824100888461 /* EnterVerifyPinViewController.swift */ = {isa = PBXFileReference; fileEncoding = 4; lastKnownFileType = sourcecode.swift; path = EnterVerifyPinViewController.swift; sourceTree = "<group>"; };
		79B4D4811CC80ABE0073B65D /* ReplyViewController.swift */ = {isa = PBXFileReference; fileEncoding = 4; lastKnownFileType = sourcecode.swift; path = ReplyViewController.swift; sourceTree = "<group>"; };
		79B4D4831CC80D150073B65D /* MessageTableViewCell.swift */ = {isa = PBXFileReference; fileEncoding = 4; lastKnownFileType = sourcecode.swift; path = MessageTableViewCell.swift; sourceTree = "<group>"; };
		79B4D4851CC8102B0073B65D /* MessageModel.swift */ = {isa = PBXFileReference; fileEncoding = 4; lastKnownFileType = sourcecode.swift; path = MessageModel.swift; sourceTree = "<group>"; };
		A6E153071CFD96B000787394 /* WDTColor.swift */ = {isa = PBXFileReference; fileEncoding = 4; lastKnownFileType = sourcecode.swift; path = WDTColor.swift; sourceTree = "<group>"; };
		A6E1530B1CFE09B600787394 /* WDTFont.swift */ = {isa = PBXFileReference; fileEncoding = 4; lastKnownFileType = sourcecode.swift; path = WDTFont.swift; sourceTree = "<group>"; };
/* End PBXFileReference section */

/* Begin PBXFrameworksBuildPhase section */
		31F12E841C9E115B00E63A2E /* Frameworks */ = {
			isa = PBXFrameworksBuildPhase;
			buildActionMask = 2147483647;
			files = (
				31F12EC11C9E13C300E63A2E /* libz.tbd in Frameworks */,
				31F12EBF1C9E13B800E63A2E /* libsqlite3.tbd in Frameworks */,
				31F12EBD1C9E13AB00E63A2E /* AudioToolbox.framework in Frameworks */,
				31F12EBB1C9E13A200E63A2E /* CFNetwork.framework in Frameworks */,
				3111475D1CAB210F00150ECD /* FBSDKLoginKit.framework in Frameworks */,
				31F12EB91C9E139A00E63A2E /* CoreGraphics.framework in Frameworks */,
				31F12EB71C9E139200E63A2E /* CoreLocation.framework in Frameworks */,
				31F12EB51C9E138800E63A2E /* QuartzCore.framework in Frameworks */,
				31F12EB31C9E137F00E63A2E /* Security.framework in Frameworks */,
				3111475C1CAB210F00150ECD /* FBSDKCoreKit.framework in Frameworks */,
				31F12EAF1C9E135800E63A2E /* SystemConfiguration.framework in Frameworks */,
				31F12EA81C9E12D400E63A2E /* Parse.framework in Frameworks */,
				31F12EA71C9E12D400E63A2E /* Bolts.framework in Frameworks */,
				2E3924CE6F8E5329D9A2B301 /* Pods_Widdit.framework in Frameworks */,
			);
			runOnlyForDeploymentPostprocessing = 0;
		};
/* End PBXFrameworksBuildPhase section */

/* Begin PBXGroup section */
		31F12E7E1C9E115B00E63A2E = {
			isa = PBXGroup;
			children = (
				31F12EC21C9E13F300E63A2E /* Frameworks */,
				31F12E891C9E115B00E63A2E /* Widdit */,
				31F12E881C9E115B00E63A2E /* Products */,
				9CBB8014852512D1F88C82BA /* Pods */,
			);
			sourceTree = "<group>";
		};
		31F12E881C9E115B00E63A2E /* Products */ = {
			isa = PBXGroup;
			children = (
				31F12E871C9E115B00E63A2E /* Widdit.app */,
			);
			name = Products;
			sourceTree = "<group>";
		};
		31F12E891C9E115B00E63A2E /* Widdit */ = {
			isa = PBXGroup;
			children = (
				31F12E8A1C9E115B00E63A2E /* AppDelegate.swift */,
				A6E153061CFD967F00787394 /* Extension */,
				311147631CAB335A00150ECD /* FBSignUpVC.swift */,
				31F12ECF1C9E191000E63A2E /* NewPostVC.swift */,
				31F12ECD1C9E188600E63A2E /* HeaderView.swift */,
				31F12EA31C9E125900E63A2E /* ResetPasswordVC.swift */,
				31F12ECB1C9E185600E63A2E /* GuestVC.swift */,
				31F12EC91C9E184100E63A2E /* FeedVC.swift */,
				31F12ED71C9E65E300E63A2E /* PostCell.swift */,
				31F12EC71C9E181F00E63A2E /* ActivityVC.swift */,
				31F12ED91C9E6A5700E63A2E /* ActivityCell.swift */,
				31F12EC31C9E17D700E63A2E /* HomeVC.swift */,
				31F12E9F1C9E122B00E63A2E /* SignInVC.swift */,
				31FF6CF31CAF84D4001D1654 /* FBInfo.swift */,
				79B4D4851CC8102B0073B65D /* MessageModel.swift */,
				31F12EA11C9E124500E63A2E /* SignUpVC.swift */,
				31F12ED51C9E3A6900E63A2E /* EditVC.swift */,
				311147651CAB42AE00150ECD /* Main.storyboard */,
				79B4230D1CEE824100888461 /* EnterVerifyPinViewController.swift */,
				79B4230B1CEE675D00888461 /* TextVerifyViewController.swift */,
				79AE833F1CD6916900DE2CD7 /* UserMorePostsViewController.swift */,
				79B4D4811CC80ABE0073B65D /* ReplyViewController.swift */,
				79B4D4831CC80D150073B65D /* MessageTableViewCell.swift */,
				31AFC6101CB20ABA00DBEBFA /* YourDownsVC.swift */,
				31F12E941C9E115B00E63A2E /* Assets.xcassets */,
				31F12ED11C9E24D800E63A2E /* Pacifico.ttf */,
				31F12E961C9E115B00E63A2E /* LaunchScreen.storyboard */,
				31F12E991C9E115B00E63A2E /* Info.plist */,
				31F12E911C9E115B00E63A2E /* Widdit.xcdatamodeld */,
				3111475E1CAB246300150ECD /* Widdit-Bridging-Header.h */,
				7994B5461CE16D7B008EB1D8 /* notification.mp3 */,
			);
			path = Widdit;
			sourceTree = "<group>";
		};
		31F12EC21C9E13F300E63A2E /* Frameworks */ = {
			isa = PBXGroup;
			children = (
				3111475A1CAB210F00150ECD /* FBSDKCoreKit.framework */,
				3111475B1CAB210F00150ECD /* FBSDKLoginKit.framework */,
				31F12EC01C9E13C300E63A2E /* libz.tbd */,
				31F12EBE1C9E13B800E63A2E /* libsqlite3.tbd */,
				31F12EBC1C9E13AB00E63A2E /* AudioToolbox.framework */,
				31F12EBA1C9E13A200E63A2E /* CFNetwork.framework */,
				31F12EB81C9E139A00E63A2E /* CoreGraphics.framework */,
				31F12EB61C9E139200E63A2E /* CoreLocation.framework */,
				31F12EB41C9E138800E63A2E /* QuartzCore.framework */,
				31F12EB21C9E137F00E63A2E /* Security.framework */,
				31F12EAE1C9E135800E63A2E /* SystemConfiguration.framework */,
				31F12EA61C9E12D400E63A2E /* Parse.framework */,
				31F12EA51C9E12D400E63A2E /* Bolts.framework */,
				6B0032CE04787FA854080E9E /* Pods_Widdit.framework */,
			);
			name = Frameworks;
			sourceTree = "<group>";
		};
		9CBB8014852512D1F88C82BA /* Pods */ = {
			isa = PBXGroup;
			children = (
				68D742D5C0E3C53D9E07BC7F /* Pods-Widdit.debug.xcconfig */,
				6D40BFB75DA61F740B7C5F63 /* Pods-Widdit.release.xcconfig */,
			);
			name = Pods;
			sourceTree = "<group>";
		};
		A6E153061CFD967F00787394 /* Extension */ = {
			isa = PBXGroup;
			children = (
				A6E153071CFD96B000787394 /* WDTColor.swift */,
				A6E1530B1CFE09B600787394 /* WDTFont.swift */,
			);
			name = Extension;
			sourceTree = "<group>";
		};
/* End PBXGroup section */

/* Begin PBXNativeTarget section */
		31F12E861C9E115B00E63A2E /* Widdit */ = {
			isa = PBXNativeTarget;
			buildConfigurationList = 31F12E9C1C9E115B00E63A2E /* Build configuration list for PBXNativeTarget "Widdit" */;
			buildPhases = (
				B8FB45A7F4DA920C74A1FB57 /* 📦 Check Pods Manifest.lock */,
				31F12E831C9E115B00E63A2E /* Sources */,
				31F12E841C9E115B00E63A2E /* Frameworks */,
				31F12E851C9E115B00E63A2E /* Resources */,
				51F6D64152ADB0ED1D4A21D1 /* 📦 Embed Pods Frameworks */,
				35543814FB421C7570C8A099 /* 📦 Copy Pods Resources */,
			);
			buildRules = (
			);
			dependencies = (
			);
			name = Widdit;
			productName = Widdit;
			productReference = 31F12E871C9E115B00E63A2E /* Widdit.app */;
			productType = "com.apple.product-type.application";
		};
/* End PBXNativeTarget section */

/* Begin PBXProject section */
		31F12E7F1C9E115B00E63A2E /* Project object */ = {
			isa = PBXProject;
			attributes = {
				LastSwiftUpdateCheck = 0720;
				LastUpgradeCheck = 0720;
				ORGANIZATIONNAME = "John McCants";
				TargetAttributes = {
					31F12E861C9E115B00E63A2E = {
						CreatedOnToolsVersion = 7.2;
						DevelopmentTeam = M68K5K6P9P;
						SystemCapabilities = {
							com.apple.BackgroundModes = {
								enabled = 1;
							};
							com.apple.InAppPurchase = {
								enabled = 0;
							};
							com.apple.Push = {
								enabled = 1;
							};
						};
					};
				};
			};
			buildConfigurationList = 31F12E821C9E115B00E63A2E /* Build configuration list for PBXProject "Widdit" */;
			compatibilityVersion = "Xcode 3.2";
			developmentRegion = English;
			hasScannedForEncodings = 0;
			knownRegions = (
				en,
				Base,
			);
			mainGroup = 31F12E7E1C9E115B00E63A2E;
			productRefGroup = 31F12E881C9E115B00E63A2E /* Products */;
			projectDirPath = "";
			projectRoot = "";
			targets = (
				31F12E861C9E115B00E63A2E /* Widdit */,
			);
		};
/* End PBXProject section */

/* Begin PBXResourcesBuildPhase section */
		31F12E851C9E115B00E63A2E /* Resources */ = {
			isa = PBXResourcesBuildPhase;
			buildActionMask = 2147483647;
			files = (
				7994B5471CE16D7B008EB1D8 /* notification.mp3 in Resources */,
				31F12E981C9E115B00E63A2E /* LaunchScreen.storyboard in Resources */,
				31F12E951C9E115B00E63A2E /* Assets.xcassets in Resources */,
				31F12ED21C9E24D800E63A2E /* Pacifico.ttf in Resources */,
				311147671CAB42AE00150ECD /* Main.storyboard in Resources */,
			);
			runOnlyForDeploymentPostprocessing = 0;
		};
/* End PBXResourcesBuildPhase section */

/* Begin PBXShellScriptBuildPhase section */
		35543814FB421C7570C8A099 /* 📦 Copy Pods Resources */ = {
			isa = PBXShellScriptBuildPhase;
			buildActionMask = 2147483647;
			files = (
			);
			inputPaths = (
			);
			name = "📦 Copy Pods Resources";
			outputPaths = (
			);
			runOnlyForDeploymentPostprocessing = 0;
			shellPath = /bin/sh;
			shellScript = "\"${SRCROOT}/Pods/Target Support Files/Pods-Widdit/Pods-Widdit-resources.sh\"\n";
			showEnvVarsInLog = 0;
		};
		51F6D64152ADB0ED1D4A21D1 /* 📦 Embed Pods Frameworks */ = {
			isa = PBXShellScriptBuildPhase;
			buildActionMask = 2147483647;
			files = (
			);
			inputPaths = (
			);
			name = "📦 Embed Pods Frameworks";
			outputPaths = (
			);
			runOnlyForDeploymentPostprocessing = 0;
			shellPath = /bin/sh;
			shellScript = "\"${SRCROOT}/Pods/Target Support Files/Pods-Widdit/Pods-Widdit-frameworks.sh\"\n";
			showEnvVarsInLog = 0;
		};
		B8FB45A7F4DA920C74A1FB57 /* 📦 Check Pods Manifest.lock */ = {
			isa = PBXShellScriptBuildPhase;
			buildActionMask = 2147483647;
			files = (
			);
			inputPaths = (
			);
			name = "📦 Check Pods Manifest.lock";
			outputPaths = (
			);
			runOnlyForDeploymentPostprocessing = 0;
			shellPath = /bin/sh;
			shellScript = "diff \"${PODS_ROOT}/../Podfile.lock\" \"${PODS_ROOT}/Manifest.lock\" > /dev/null\nif [[ $? != 0 ]] ; then\n    cat << EOM\nerror: The sandbox is not in sync with the Podfile.lock. Run 'pod install' or update your CocoaPods installation.\nEOM\n    exit 1\nfi\n";
			showEnvVarsInLog = 0;
		};
/* End PBXShellScriptBuildPhase section */

/* Begin PBXSourcesBuildPhase section */
		31F12E831C9E115B00E63A2E /* Sources */ = {
			isa = PBXSourcesBuildPhase;
			buildActionMask = 2147483647;
			files = (
				31F12EA21C9E124500E63A2E /* SignUpVC.swift in Sources */,
				31F12EC81C9E181F00E63A2E /* ActivityVC.swift in Sources */,
				31F12EA41C9E125900E63A2E /* ResetPasswordVC.swift in Sources */,
				31F12E8B1C9E115B00E63A2E /* AppDelegate.swift in Sources */,
				79B4D4841CC80D150073B65D /* MessageTableViewCell.swift in Sources */,
				31F12ECC1C9E185600E63A2E /* GuestVC.swift in Sources */,
				31F12ECE1C9E188600E63A2E /* HeaderView.swift in Sources */,
				31F12EDA1C9E6A5700E63A2E /* ActivityCell.swift in Sources */,
				A6E153081CFD96B000787394 /* WDTColor.swift in Sources */,
				31F12ED81C9E65E300E63A2E /* PostCell.swift in Sources */,
				79B4230E1CEE824100888461 /* EnterVerifyPinViewController.swift in Sources */,
				31F12ECA1C9E184100E63A2E /* FeedVC.swift in Sources */,
				79B4230C1CEE675D00888461 /* TextVerifyViewController.swift in Sources */,
				A6E1530C1CFE09B600787394 /* WDTFont.swift in Sources */,
				31F12EC41C9E17D700E63A2E /* HomeVC.swift in Sources */,
				31F12E931C9E115B00E63A2E /* Widdit.xcdatamodeld in Sources */,
				79AE83401CD6916900DE2CD7 /* UserMorePostsViewController.swift in Sources */,
				31AFC6111CB20ABA00DBEBFA /* YourDownsVC.swift in Sources */,
				79B4D4821CC80ABE0073B65D /* ReplyViewController.swift in Sources */,
				31FF6CF41CAF84D4001D1654 /* FBInfo.swift in Sources */,
				31F12ED01C9E191000E63A2E /* NewPostVC.swift in Sources */,
				311147641CAB335A00150ECD /* FBSignUpVC.swift in Sources */,
				79B4D4861CC8102B0073B65D /* MessageModel.swift in Sources */,
				31F12EA01C9E122B00E63A2E /* SignInVC.swift in Sources */,
				31F12ED61C9E3A6900E63A2E /* EditVC.swift in Sources */,
			);
			runOnlyForDeploymentPostprocessing = 0;
		};
/* End PBXSourcesBuildPhase section */

/* Begin PBXVariantGroup section */
		311147651CAB42AE00150ECD /* Main.storyboard */ = {
			isa = PBXVariantGroup;
			children = (
				311147661CAB42AE00150ECD /* Base */,
			);
			name = Main.storyboard;
			sourceTree = "<group>";
		};
		31F12E961C9E115B00E63A2E /* LaunchScreen.storyboard */ = {
			isa = PBXVariantGroup;
			children = (
				31F12E971C9E115B00E63A2E /* Base */,
			);
			name = LaunchScreen.storyboard;
			sourceTree = "<group>";
		};
/* End PBXVariantGroup section */

/* Begin XCBuildConfiguration section */
		31F12E9A1C9E115B00E63A2E /* Debug */ = {
			isa = XCBuildConfiguration;
			buildSettings = {
				ALWAYS_SEARCH_USER_PATHS = NO;
				CLANG_CXX_LANGUAGE_STANDARD = "gnu++0x";
				CLANG_CXX_LIBRARY = "libc++";
				CLANG_ENABLE_MODULES = YES;
				CLANG_ENABLE_OBJC_ARC = YES;
				CLANG_WARN_BOOL_CONVERSION = YES;
				CLANG_WARN_CONSTANT_CONVERSION = YES;
				CLANG_WARN_DIRECT_OBJC_ISA_USAGE = YES_ERROR;
				CLANG_WARN_EMPTY_BODY = YES;
				CLANG_WARN_ENUM_CONVERSION = YES;
				CLANG_WARN_INT_CONVERSION = YES;
				CLANG_WARN_OBJC_ROOT_CLASS = YES_ERROR;
				CLANG_WARN_UNREACHABLE_CODE = YES;
				CLANG_WARN__DUPLICATE_METHOD_MATCH = YES;
				"CODE_SIGN_IDENTITY[sdk=iphoneos*]" = "iPhone Developer";
				COPY_PHASE_STRIP = NO;
				DEBUG_INFORMATION_FORMAT = dwarf;
				ENABLE_STRICT_OBJC_MSGSEND = YES;
				ENABLE_TESTABILITY = YES;
				GCC_C_LANGUAGE_STANDARD = gnu99;
				GCC_DYNAMIC_NO_PIC = NO;
				GCC_NO_COMMON_BLOCKS = YES;
				GCC_OPTIMIZATION_LEVEL = 0;
				GCC_PREPROCESSOR_DEFINITIONS = (
					"DEBUG=1",
					"$(inherited)",
				);
				GCC_WARN_64_TO_32_BIT_CONVERSION = YES;
				GCC_WARN_ABOUT_RETURN_TYPE = YES_ERROR;
				GCC_WARN_UNDECLARED_SELECTOR = YES;
				GCC_WARN_UNINITIALIZED_AUTOS = YES_AGGRESSIVE;
				GCC_WARN_UNUSED_FUNCTION = YES;
				GCC_WARN_UNUSED_VARIABLE = YES;
				IPHONEOS_DEPLOYMENT_TARGET = 9.2;
				MTL_ENABLE_DEBUG_INFO = YES;
				ONLY_ACTIVE_ARCH = YES;
				SDKROOT = iphoneos;
				SWIFT_OPTIMIZATION_LEVEL = "-Onone";
			};
			name = Debug;
		};
		31F12E9B1C9E115B00E63A2E /* Release */ = {
			isa = XCBuildConfiguration;
			buildSettings = {
				ALWAYS_SEARCH_USER_PATHS = NO;
				CLANG_CXX_LANGUAGE_STANDARD = "gnu++0x";
				CLANG_CXX_LIBRARY = "libc++";
				CLANG_ENABLE_MODULES = YES;
				CLANG_ENABLE_OBJC_ARC = YES;
				CLANG_WARN_BOOL_CONVERSION = YES;
				CLANG_WARN_CONSTANT_CONVERSION = YES;
				CLANG_WARN_DIRECT_OBJC_ISA_USAGE = YES_ERROR;
				CLANG_WARN_EMPTY_BODY = YES;
				CLANG_WARN_ENUM_CONVERSION = YES;
				CLANG_WARN_INT_CONVERSION = YES;
				CLANG_WARN_OBJC_ROOT_CLASS = YES_ERROR;
				CLANG_WARN_UNREACHABLE_CODE = YES;
				CLANG_WARN__DUPLICATE_METHOD_MATCH = YES;
				"CODE_SIGN_IDENTITY[sdk=iphoneos*]" = "iPhone Developer";
				COPY_PHASE_STRIP = NO;
				DEBUG_INFORMATION_FORMAT = "dwarf-with-dsym";
				ENABLE_NS_ASSERTIONS = NO;
				ENABLE_STRICT_OBJC_MSGSEND = YES;
				GCC_C_LANGUAGE_STANDARD = gnu99;
				GCC_NO_COMMON_BLOCKS = YES;
				GCC_WARN_64_TO_32_BIT_CONVERSION = YES;
				GCC_WARN_ABOUT_RETURN_TYPE = YES_ERROR;
				GCC_WARN_UNDECLARED_SELECTOR = YES;
				GCC_WARN_UNINITIALIZED_AUTOS = YES_AGGRESSIVE;
				GCC_WARN_UNUSED_FUNCTION = YES;
				GCC_WARN_UNUSED_VARIABLE = YES;
				IPHONEOS_DEPLOYMENT_TARGET = 9.2;
				MTL_ENABLE_DEBUG_INFO = NO;
				SDKROOT = iphoneos;
				VALIDATE_PRODUCT = YES;
			};
			name = Release;
		};
		31F12E9D1C9E115B00E63A2E /* Debug */ = {
			isa = XCBuildConfiguration;
			baseConfigurationReference = 68D742D5C0E3C53D9E07BC7F /* Pods-Widdit.debug.xcconfig */;
			buildSettings = {
				ASSETCATALOG_COMPILER_APPICON_NAME = AppIcon;
				ASSETCATALOG_COMPILER_LAUNCHIMAGE_NAME = "Brand Assets";
				CLANG_ENABLE_MODULES = YES;
				CODE_SIGN_IDENTITY = "iPhone Developer";
				"CODE_SIGN_IDENTITY[sdk=iphoneos*]" = "iPhone Developer";
				FRAMEWORK_SEARCH_PATHS = (
					"$(inherited)",
					"$(PROJECT_DIR)/Widdit",
					"$(PROJECT_DIR)",
				);
				INFOPLIST_FILE = Widdit/Info.plist;
				IPHONEOS_DEPLOYMENT_TARGET = 9.3;
				LD_RUNPATH_SEARCH_PATHS = "$(inherited) @executable_path/Frameworks";
				PRODUCT_BUNDLE_IDENTIFIER = com.Widdit.Widdit;
				PRODUCT_NAME = "$(TARGET_NAME)";
				PROVISIONING_PROFILE = "";
				SWIFT_OBJC_BRIDGING_HEADER = "Widdit/Widdit-Bridging-Header.h";
				SWIFT_OPTIMIZATION_LEVEL = "-Onone";
			};
			name = Debug;
		};
		31F12E9E1C9E115B00E63A2E /* Release */ = {
			isa = XCBuildConfiguration;
			baseConfigurationReference = 6D40BFB75DA61F740B7C5F63 /* Pods-Widdit.release.xcconfig */;
			buildSettings = {
				ASSETCATALOG_COMPILER_APPICON_NAME = AppIcon;
				ASSETCATALOG_COMPILER_LAUNCHIMAGE_NAME = "Brand Assets";
				CLANG_ENABLE_MODULES = YES;
				CODE_SIGN_IDENTITY = "iPhone Developer";
				"CODE_SIGN_IDENTITY[sdk=iphoneos*]" = "iPhone Developer";
				FRAMEWORK_SEARCH_PATHS = (
					"$(inherited)",
					"$(PROJECT_DIR)/Widdit",
					"$(PROJECT_DIR)",
				);
				INFOPLIST_FILE = Widdit/Info.plist;
				IPHONEOS_DEPLOYMENT_TARGET = 9.3;
				LD_RUNPATH_SEARCH_PATHS = "$(inherited) @executable_path/Frameworks";
				PRODUCT_BUNDLE_IDENTIFIER = com.Widdit.Widdit;
				PRODUCT_NAME = "$(TARGET_NAME)";
				PROVISIONING_PROFILE = "";
				SWIFT_OBJC_BRIDGING_HEADER = "Widdit/Widdit-Bridging-Header.h";
			};
			name = Release;
		};
/* End XCBuildConfiguration section */

/* Begin XCConfigurationList section */
		31F12E821C9E115B00E63A2E /* Build configuration list for PBXProject "Widdit" */ = {
			isa = XCConfigurationList;
			buildConfigurations = (
				31F12E9A1C9E115B00E63A2E /* Debug */,
				31F12E9B1C9E115B00E63A2E /* Release */,
			);
			defaultConfigurationIsVisible = 0;
			defaultConfigurationName = Release;
		};
		31F12E9C1C9E115B00E63A2E /* Build configuration list for PBXNativeTarget "Widdit" */ = {
			isa = XCConfigurationList;
			buildConfigurations = (
				31F12E9D1C9E115B00E63A2E /* Debug */,
				31F12E9E1C9E115B00E63A2E /* Release */,
			);
			defaultConfigurationIsVisible = 0;
			defaultConfigurationName = Release;
		};
/* End XCConfigurationList section */

/* Begin XCVersionGroup section */
		31F12E911C9E115B00E63A2E /* Widdit.xcdatamodeld */ = {
			isa = XCVersionGroup;
			children = (
				31F12E921C9E115B00E63A2E /* Widdit.xcdatamodel */,
			);
			currentVersion = 31F12E921C9E115B00E63A2E /* Widdit.xcdatamodel */;
			path = Widdit.xcdatamodeld;
			sourceTree = "<group>";
			versionGroupType = wrapper.xcdatamodel;
		};
/* End XCVersionGroup section */
	};
	rootObject = 31F12E7F1C9E115B00E63A2E /* Project object */;
}
